{
    "version": "0.5",
    "requires": [
        "zlib/1.3.1#cac0f6daea041b0ccf42934163defb20%1765284699.337",
        "spdlog/1.12.0#492ea1d5dce6a5a4c985c3f36db8b354%1767604746.066",
        "openssl/3.6.2#36f92686a9285adfe2ccd1c1dbf9ea35%1775635547.022",
        "gtest/1.14.0#f8f0757a574a8dd747d16af62d6eb1b7%1743410807.169",
        "fmt/10.2.1#658771bb858b77f380be2ebb22c338e9%1735899167.615",
        "concurrentqueue/1.0.4#1e48e1c712bcfd892087c9c622a51502%1687274728.048",
        "cnats/3.9.3#95ae1a5cfd65fd182a9e93d4f9f42553%1762325186.055",
        "benchmark/1.8.3#1a2ce62c99e2b3feaa57b1f0c15a8c46%1724323740.181"
    ],
    "build_requires": [
        "cmake/3.31.11#f325c933f618a1fcebc1e1c0babfd1ba%1769622857.944"
    ],
    "python_requires": [],
    "config_requires": []
}
